
Microsoft Visual Studio Solution File, Format Version 12.00
# Visual Studio Version 17
VisualStudioVersion = 17.14.36414.22 d17.14
MinimumVisualStudioVersion = 10.0.40219.1
Project("{FAE04EC0-301F-11D3-BF4B-00C04F79EFBC}") = "ICE1", "ICE1\ICE1.csproj", "{7FB02280-476C-4C99-8921-F617D979187C}"
EndProject
Global
	GlobalSection(SolutionConfigurationPlatforms) = preSolution
		Debug|Any CPU = Debug|Any CPU
		Release|Any CPU = Release|Any CPU
	EndGlobalSection
	GlobalSection(ProjectConfigurationPlatforms) = postSolution
		{7FB02280-476C-4C99-8921-F617D979187C}.Debug|Any CPU.ActiveCfg = Debug|Any CPU
		{7FB02280-476C-4C99-8921-F617D979187C}.Debug|Any CPU.Build.0 = Debug|Any CPU
		{7FB02280-476C-4C99-8921-F617D979187C}.Release|Any CPU.ActiveCfg = Release|Any CPU
		{7FB02280-476C-4C99-8921-F617D979187C}.Release|Any CPU.Build.0 = Release|Any CPU
	EndGlobalSection
	GlobalSection(SolutionProperties) = preSolution
		HideSolutionNode = FALSE
	EndGlobalSection
	GlobalSection(ExtensibilityGlobals) = postSolution
		SolutionGuid = {E28371F8-8F92-481C-B9EC-17B3BA2EC06B}
	EndGlobalSection
EndGlobal
